
Microsoft Visual Studio Solution File, Format Version 11.00
# Visual Studio 2010
Project("{FAE04EC0-301F-11D3-BF4B-00C04F79EFBC}") = "NPANDAY-445-NET40GAC", "NPANDAY-445-NET40GAC\NPANDAY-445-NET40GAC.csproj", "{AE66CFD4-F21A-4B3C-85B9-453BA7869DC7}"
EndProject
Global
	GlobalSection(SolutionConfigurationPlatforms) = preSolution
		Debug|Any CPU = Debug|Any CPU
		Release|Any CPU = Release|Any CPU
	EndGlobalSection
	GlobalSection(ProjectConfigurationPlatforms) = postSolution
		{AE66CFD4-F21A-4B3C-85B9-453BA7869DC7}.Debug|Any CPU.ActiveCfg = Debug|Any CPU
		{AE66CFD4-F21A-4B3C-85B9-453BA7869DC7}.Debug|Any CPU.Build.0 = Debug|Any CPU
		{AE66CFD4-F21A-4B3C-85B9-453BA7869DC7}.Release|Any CPU.ActiveCfg = Release|Any CPU
		{AE66CFD4-F21A-4B3C-85B9-453BA7869DC7}.Release|Any CPU.Build.0 = Release|Any CPU
	EndGlobalSection
	GlobalSection(SolutionProperties) = preSolution
		HideSolutionNode = FALSE
	EndGlobalSection
EndGlobal
