
Microsoft Visual Studio Solution File, Format Version 11.00
# Visual Studio 2010
Project("{CC5FD16D-436D-48AD-A40C-5A424C6E3E79}") = "NPANDAY_571_AzureSDKVersionTest", "NPANDAY_571_AzureSDKVersionTest\NPANDAY_571_AzureSDKVersionTest.ccproj", "{9AD15652-5F1A-44EC-9C3E-C2061209874E}"
EndProject
Project("{FAE04EC0-301F-11D3-BF4B-00C04F79EFBC}") = "WorkerRole1", "WorkerRole1\WorkerRole1.csproj", "{7E67BFCB-4EFD-4FBA-A610-9F46ADAAF097}"
EndProject
Global
	GlobalSection(SolutionConfigurationPlatforms) = preSolution
		Debug|Any CPU = Debug|Any CPU
		Release|Any CPU = Release|Any CPU
	EndGlobalSection
	GlobalSection(ProjectConfigurationPlatforms) = postSolution
		{9AD15652-5F1A-44EC-9C3E-C2061209874E}.Debug|Any CPU.ActiveCfg = Debug|Any CPU
		{9AD15652-5F1A-44EC-9C3E-C2061209874E}.Debug|Any CPU.Build.0 = Debug|Any CPU
		{9AD15652-5F1A-44EC-9C3E-C2061209874E}.Release|Any CPU.ActiveCfg = Release|Any CPU
		{9AD15652-5F1A-44EC-9C3E-C2061209874E}.Release|Any CPU.Build.0 = Release|Any CPU
		{7E67BFCB-4EFD-4FBA-A610-9F46ADAAF097}.Debug|Any CPU.ActiveCfg = Debug|Any CPU
		{7E67BFCB-4EFD-4FBA-A610-9F46ADAAF097}.Debug|Any CPU.Build.0 = Debug|Any CPU
		{7E67BFCB-4EFD-4FBA-A610-9F46ADAAF097}.Release|Any CPU.ActiveCfg = Release|Any CPU
		{7E67BFCB-4EFD-4FBA-A610-9F46ADAAF097}.Release|Any CPU.Build.0 = Release|Any CPU
	EndGlobalSection
	GlobalSection(SolutionProperties) = preSolution
		HideSolutionNode = FALSE
	EndGlobalSection
EndGlobal
