
Microsoft Visual Studio Solution File, Format Version 9.00
# Visual Studio 2005
# SharpDevelop 2.1.0.2376
Project("{FAE04EC0-301F-11D3-BF4B-00C04F79EFBC}") = "NMaven.VisualStudio", "C:\Documents and Settings\shane\nmaven-apache\trunk\assemblies\NMaven.VisualStudio\src\main\csharp\NMaven.VisualStudio.csproj", "{95661103-78b8-423a-80ca-41afc69bd1de}"
EndProject
