
Microsoft Visual Studio Solution File, Format Version 9.00
# Visual Studio 2005
Project("{FAE04EC0-301F-11D3-BF4B-00C04F79EFBC}") = "NMaven.Solution", "NMaven.Solution.csproj", "{CC57AA41-F466-4FF4-B4D9-DC9CC646C4EA}"
EndProject
Global
	GlobalSection(SolutionConfigurationPlatforms) = preSolution
		Debug|Any CPU = Debug|Any CPU
		Release|Any CPU = Release|Any CPU
	EndGlobalSection
	GlobalSection(ProjectConfigurationPlatforms) = postSolution
		{CC57AA41-F466-4FF4-B4D9-DC9CC646C4EA}.Debug|Any CPU.ActiveCfg = Debug|Any CPU
		{CC57AA41-F466-4FF4-B4D9-DC9CC646C4EA}.Debug|Any CPU.Build.0 = Debug|Any CPU
		{CC57AA41-F466-4FF4-B4D9-DC9CC646C4EA}.Release|Any CPU.ActiveCfg = Release|Any CPU
		{CC57AA41-F466-4FF4-B4D9-DC9CC646C4EA}.Release|Any CPU.Build.0 = Release|Any CPU
	EndGlobalSection
	GlobalSection(SolutionProperties) = preSolution
		HideSolutionNode = FALSE
	EndGlobalSection
EndGlobal
