Microsoft Visual Studio Solution File, Format Version 9.00
# SharpDevelop 2.0.0.1710
Project("{FAE04EC0-301F-11D3-BF4B-00C04F79EFBC}") = "NMaven.Plugin.Settings", "src\main\csharp\NMaven.Plugin.Settings.csproj", "{34c7738a-d98c-4cf8-bb48-9b41fee3774e}"
EndProject
Global
	GlobalSection(SolutionConfigurationPlatforms) = preSolution
		Debug|Any CPU = Debug|Any CPU
		Release|Any CPU = Release|Any CPU
	EndGlobalSection
	GlobalSection(ProjectConfigurationPlatforms) = postSolution
		{34C7738A-D98C-4CF8-BB48-9B41FEE3774E}.Debug|Any CPU.Build.0 = Debug|Any CPU
		{34C7738A-D98C-4CF8-BB48-9B41FEE3774E}.Debug|Any CPU.ActiveCfg = Debug|Any CPU
		{34C7738A-D98C-4CF8-BB48-9B41FEE3774E}.Release|Any CPU.Build.0 = Release|Any CPU
		{34C7738A-D98C-4CF8-BB48-9B41FEE3774E}.Release|Any CPU.ActiveCfg = Release|Any CPU
	EndGlobalSection
EndGlobal
