
Microsoft Visual Studio Solution File, Format Version 9.00
# Visual Studio 2005
# SharpDevelop 2.1.0.2376
Project("{FAE04EC0-301F-11D3-BF4B-00C04F79EFBC}") = "NMaven.Artifact", "C:\Documents and Settings\shane\nmaven-apache\trunk-new\assemblies\NMaven.Artifact\src\main\csharp\NMaven.Artifact.csproj", "{b9da05df-af58-4063-8d51-b1bf17966e59}"
EndProject
