
Microsoft Visual Studio Solution File, Format Version 9.00
# Visual Studio 2005
Project("{FAE04EC0-301F-11D3-BF4B-00C04F79EFBC}") = "NPanday.SettingsUtil-Test", "NPanday.SettingsUtil-Test\NPanday.SettingsUtil-Test.csproj", "{FEEC01CB-2577-4059-9609-531A4913BCDA}"
EndProject
Global
	GlobalSection(SolutionConfigurationPlatforms) = preSolution
		Debug|Any CPU = Debug|Any CPU
		Release|Any CPU = Release|Any CPU
	EndGlobalSection
	GlobalSection(ProjectConfigurationPlatforms) = postSolution
		{FEEC01CB-2577-4059-9609-531A4913BCDA}.Debug|Any CPU.ActiveCfg = Debug|Any CPU
		{FEEC01CB-2577-4059-9609-531A4913BCDA}.Debug|Any CPU.Build.0 = Debug|Any CPU
		{FEEC01CB-2577-4059-9609-531A4913BCDA}.Release|Any CPU.ActiveCfg = Release|Any CPU
		{FEEC01CB-2577-4059-9609-531A4913BCDA}.Release|Any CPU.Build.0 = Release|Any CPU
	EndGlobalSection
	GlobalSection(SolutionProperties) = preSolution
		HideSolutionNode = FALSE
	EndGlobalSection
EndGlobal
