
Microsoft Visual Studio Solution File, Format Version 9.00
# Visual Studio 2005
Project("{FAE04EC0-301F-11D3-BF4B-00C04F79EFBC}") = "NMaven.Plugin.Addin", "C:\Documents and Settings\shane\nmaven-apache\SI_XPT\plugins\NMaven.Plugin.Addin\src\main\csharp\NMaven.Plugin.Addin.csproj", "{5FA10492-FE2D-4716-8D0C-BA8AC8138C2A}"
EndProject
Global
	GlobalSection(SolutionConfigurationPlatforms) = preSolution
		Debug|Any CPU = Debug|Any CPU
	EndGlobalSection
	GlobalSection(ProjectConfigurationPlatforms) = postSolution
		{5FA10492-FE2D-4716-8D0C-BA8AC8138C2A}.Debug|Any CPU.ActiveCfg = Debug|Any CPU
		{5FA10492-FE2D-4716-8D0C-BA8AC8138C2A}.Debug|Any CPU.Build.0 = Debug|Any CPU
	EndGlobalSection
	GlobalSection(SolutionProperties) = preSolution
		HideSolutionNode = FALSE
	EndGlobalSection
EndGlobal
