
Microsoft Visual Studio Solution File, Format Version 9.00
# Visual Studio 2005
Project("{FAE04EC0-301F-11D3-BF4B-00C04F79EFBC}") = "NMaven.Utils", "assemblies\NMaven.Utils\src\main\csharp\NMaven.Utils.csproj", "{CAA4864F-F4C8-4024-8535-8B8C112307CE}"
EndProject
Global
	GlobalSection(SolutionConfigurationPlatforms) = preSolution
		Debug|Any CPU = Debug|Any CPU
	EndGlobalSection
	GlobalSection(ProjectConfigurationPlatforms) = postSolution
		{CAA4864F-F4C8-4024-8535-8B8C112307CE}.Debug|Any CPU.ActiveCfg = Debug|Any CPU
		{CAA4864F-F4C8-4024-8535-8B8C112307CE}.Debug|Any CPU.Build.0 = Debug|Any CPU
	EndGlobalSection
	GlobalSection(SolutionProperties) = preSolution
		HideSolutionNode = FALSE
	EndGlobalSection
EndGlobal
