Microsoft Visual Studio Solution File, Format Version 9.00
# SharpDevelop 2.0.0.1710
Project("{FAE04EC0-301F-11D3-BF4B-00C04F79EFBC}") = "NMaven.Service.Embedder", "NMaven.Service.Embedder.csproj", "{17383853-8014-4d24-a54a-38f28ff4aaf6}"
EndProject
Global
	GlobalSection(SolutionConfigurationPlatforms) = preSolution
		Debug|Any CPU = Debug|Any CPU
	EndGlobalSection
	GlobalSection(ProjectConfigurationPlatforms) = postSolution
		{17383853-8014-4D24-A54A-38F28FF4AAF6}.Debug|Any CPU.Build.0 = Debug|Any CPU
		{17383853-8014-4D24-A54A-38F28FF4AAF6}.Debug|Any CPU.ActiveCfg = Debug|Any CPU
	EndGlobalSection
EndGlobal
