
Microsoft Visual Studio Solution File, Format Version 9.00
# Visual Studio 2005
Project("{FAE04EC0-301F-11D3-BF4B-00C04F79EFBC}") = "NPanday.Artifact", "src\main\csharp\NPanday.Artifact.csproj", "{701803D4-90F5-44D7-919D-4844FEB7F936}"
EndProject
Global
	GlobalSection(SolutionConfigurationPlatforms) = preSolution
		Debug|Any CPU = Debug|Any CPU
	EndGlobalSection
	GlobalSection(ProjectConfigurationPlatforms) = postSolution
		{701803D4-90F5-44D7-919D-4844FEB7F936}.Debug|Any CPU.ActiveCfg = Debug|Any CPU
		{701803D4-90F5-44D7-919D-4844FEB7F936}.Debug|Any CPU.Build.0 = Debug|Any CPU
	EndGlobalSection
	GlobalSection(SolutionProperties) = preSolution
		HideSolutionNode = FALSE
	EndGlobalSection
EndGlobal
