
Microsoft Visual Studio Solution File, Format Version 9.00
# Visual Studio 2005
Project("{F184B08F-C81C-45F6-A57F-5ABD9991F28F}") = "FlatSingleModuleVB", "FlatSingleModuleVB.vbproj", "{00438D54-5358-40D0-8861-68E34E587BAF}"
EndProject
Global
	GlobalSection(SolutionConfigurationPlatforms) = preSolution
		Debug|Any CPU = Debug|Any CPU
		Release|Any CPU = Release|Any CPU
	EndGlobalSection
	GlobalSection(ProjectConfigurationPlatforms) = postSolution
		{00438D54-5358-40D0-8861-68E34E587BAF}.Debug|Any CPU.ActiveCfg = Debug|Any CPU
		{00438D54-5358-40D0-8861-68E34E587BAF}.Debug|Any CPU.Build.0 = Debug|Any CPU
		{00438D54-5358-40D0-8861-68E34E587BAF}.Release|Any CPU.ActiveCfg = Release|Any CPU
		{00438D54-5358-40D0-8861-68E34E587BAF}.Release|Any CPU.Build.0 = Release|Any CPU
	EndGlobalSection
	GlobalSection(SolutionProperties) = preSolution
		HideSolutionNode = FALSE
	EndGlobalSection
EndGlobal
