
Microsoft Visual Studio Solution File, Format Version 9.00
# Visual Studio 2005
# SharpDevelop 2.1.0.2376
Project("{FAE04EC0-301F-11D3-BF4B-00C04F79EFBC}") = "NMaven.IDE", "C:\Documents and Settings\shane\nmaven-apache\trunk-new\assemblies\NMaven.IDE\src\main\csharp\NMaven.IDE.csproj", "{adbd588e-e9bc-41fd-bc30-e9ee7ba1dd5b}"
EndProject
