
Microsoft Visual Studio Solution File, Format Version 10.00
# Visual Studio 2008
Project("{FAE04EC0-301F-11D3-BF4B-00C04F79EFBC}") = "WpfApplicationExample", "WpfApplicationExample\WpfApplicationExample.csproj", "{D9783B45-E511-4C27-9C5D-27A72D0314EA}"
EndProject
Global
	GlobalSection(SolutionConfigurationPlatforms) = preSolution
		Debug|Any CPU = Debug|Any CPU
		Release|Any CPU = Release|Any CPU
	EndGlobalSection
	GlobalSection(ProjectConfigurationPlatforms) = postSolution
		{D9783B45-E511-4C27-9C5D-27A72D0314EA}.Debug|Any CPU.ActiveCfg = Debug|Any CPU
		{D9783B45-E511-4C27-9C5D-27A72D0314EA}.Debug|Any CPU.Build.0 = Debug|Any CPU
		{D9783B45-E511-4C27-9C5D-27A72D0314EA}.Release|Any CPU.ActiveCfg = Release|Any CPU
		{D9783B45-E511-4C27-9C5D-27A72D0314EA}.Release|Any CPU.Build.0 = Release|Any CPU
	EndGlobalSection
	GlobalSection(SolutionProperties) = preSolution
		HideSolutionNode = FALSE
	EndGlobalSection
EndGlobal
