
Microsoft Visual Studio Solution File, Format Version 9.00
# Visual Studio 2005
# SharpDevelop 2.1.0.2376
Project("{FAE04EC0-301F-11D3-BF4B-00C04F79EFBC}") = "NMaven.Logging", "C:\Documents and Settings\shane\nmaven-apache\trunk-new\assemblies\NMaven.Logging\src\main\csharp\NMaven.Logging.csproj", "{dacc064f-ab41-42e3-b011-b346dc53bf47}"
EndProject
