
Microsoft Visual Studio Solution File, Format Version 11.00
# Visual Studio 2010
Project("{FAE04EC0-301F-11D3-BF4B-00C04F79EFBC}") = "NPanday.Artifact", "..\NPanday.Artifact\src\main\csharp\NPanday.Artifact.csproj", "{701803D4-90F5-44D7-919D-4844FEB7F936}"
EndProject
Project("{FAE04EC0-301F-11D3-BF4B-00C04F79EFBC}") = "NPanday.Logging", "..\NPanday.Logging\src\main\csharp\NPanday.Logging.csproj", "{C511B03B-8AB7-4E61-9F6E-5E6F9F65E8CE}"
EndProject
Project("{FAE04EC0-301F-11D3-BF4B-00C04F79EFBC}") = "NPanday.Plugin", "..\NPanday.Plugin\src\main\csharp\NPanday.Plugin.csproj", "{B760D54F-22AC-43E7-A0A6-DE313D4663AF}"
EndProject
Project("{FAE04EC0-301F-11D3-BF4B-00C04F79EFBC}") = "NPanday.Plugin.MojoGenerator", "..\NPanday.Plugin.MojoGenerator\src\main\csharp\NPanday.Plugin.MojoGenerator.csproj", "{09887944-425A-45A0-870C-AE4C16DA63DF}"
EndProject
Project("{FAE04EC0-301F-11D3-BF4B-00C04F79EFBC}") = "NPanday.VisualStudio.Addin", "..\NPanday.VisualStudio.Addin\src\main\csharp\NPanday.VisualStudio.Addin.csproj", "{5BE35FDF-E620-4EB0-B9A8-2359C506D85D}"
EndProject
Project("{FAE04EC0-301F-11D3-BF4B-00C04F79EFBC}") = "NPanday.VisualStudio.ProjectWizard", "..\NPanday.VisualStudio.ProjectWizard\src\main\csharp\NPanday.VisualStudio.ProjectWizard.csproj", "{7466EA93-4978-4BBD-83D0-F1729EB102EE}"
EndProject
Project("{FAE04EC0-301F-11D3-BF4B-00C04F79EFBC}") = "NPanday.VisualStudio", "..\NPanday.VisualStudio\src\main\csharp\NPanday.VisualStudio.csproj", "{95661103-78B8-423A-80CA-41AFC69BD1DE}"
EndProject
Project("{FAE04EC0-301F-11D3-BF4B-00C04F79EFBC}") = "NPanday.ProjectImporterEngine", "..\NPanday.ProjectImporter\Engine\src\main\csharp\NPanday.ProjectImporterEngine.csproj", "{91FC215D-C041-4000-8F71-C04A9EEABE55}"
EndProject
Project("{FAE04EC0-301F-11D3-BF4B-00C04F79EFBC}") = "NPanday.Utils", "..\NPanday.Utils\src\main\csharp\NPanday.Utils.csproj", "{CAA4864F-F4C8-4024-8535-8B8C112307CE}"
EndProject
Project("{FAE04EC0-301F-11D3-BF4B-00C04F79EFBC}") = "NPanday.Model.Settings", "..\NPanday.Model.Settings\src\main\csharp\NPanday.Model.Settings.csproj", "{F905C7DA-9D1D-488D-9084-99D7969C2BDD}"
EndProject
Global
	GlobalSection(SolutionConfigurationPlatforms) = preSolution
		Debug|Any CPU = Debug|Any CPU
		Release|Any CPU = Release|Any CPU
		Description = NMaven Debug Solution
	EndGlobalSection
	GlobalSection(ProjectConfigurationPlatforms) = postSolution
		{701803D4-90F5-44D7-919D-4844FEB7F936}.Debug|Any CPU.ActiveCfg = Debug|Any CPU
		{701803D4-90F5-44D7-919D-4844FEB7F936}.Debug|Any CPU.Build.0 = Debug|Any CPU
		{701803D4-90F5-44D7-919D-4844FEB7F936}.Release|Any CPU.ActiveCfg = Debug|Any CPU
		{701803D4-90F5-44D7-919D-4844FEB7F936}.Release|Any CPU.Build.0 = Debug|Any CPU
		{C511B03B-8AB7-4E61-9F6E-5E6F9F65E8CE}.Debug|Any CPU.ActiveCfg = Debug|Any CPU
		{C511B03B-8AB7-4E61-9F6E-5E6F9F65E8CE}.Debug|Any CPU.Build.0 = Debug|Any CPU
		{C511B03B-8AB7-4E61-9F6E-5E6F9F65E8CE}.Release|Any CPU.ActiveCfg = Debug|Any CPU
		{C511B03B-8AB7-4E61-9F6E-5E6F9F65E8CE}.Release|Any CPU.Build.0 = Debug|Any CPU
		{B760D54F-22AC-43E7-A0A6-DE313D4663AF}.Debug|Any CPU.ActiveCfg = Debug|Any CPU
		{B760D54F-22AC-43E7-A0A6-DE313D4663AF}.Debug|Any CPU.Build.0 = Debug|Any CPU
		{B760D54F-22AC-43E7-A0A6-DE313D4663AF}.Release|Any CPU.ActiveCfg = Debug|Any CPU
		{B760D54F-22AC-43E7-A0A6-DE313D4663AF}.Release|Any CPU.Build.0 = Debug|Any CPU
		{09887944-425A-45A0-870C-AE4C16DA63DF}.Debug|Any CPU.ActiveCfg = Debug|Any CPU
		{09887944-425A-45A0-870C-AE4C16DA63DF}.Debug|Any CPU.Build.0 = Debug|Any CPU
		{09887944-425A-45A0-870C-AE4C16DA63DF}.Release|Any CPU.ActiveCfg = Debug|Any CPU
		{09887944-425A-45A0-870C-AE4C16DA63DF}.Release|Any CPU.Build.0 = Debug|Any CPU
		{5BE35FDF-E620-4EB0-B9A8-2359C506D85D}.Debug|Any CPU.ActiveCfg = Debug|Any CPU
		{5BE35FDF-E620-4EB0-B9A8-2359C506D85D}.Debug|Any CPU.Build.0 = Debug|Any CPU
		{5BE35FDF-E620-4EB0-B9A8-2359C506D85D}.Release|Any CPU.ActiveCfg = Debug|Any CPU
		{5BE35FDF-E620-4EB0-B9A8-2359C506D85D}.Release|Any CPU.Build.0 = Debug|Any CPU
		{7466EA93-4978-4BBD-83D0-F1729EB102EE}.Debug|Any CPU.ActiveCfg = Debug|Any CPU
		{7466EA93-4978-4BBD-83D0-F1729EB102EE}.Debug|Any CPU.Build.0 = Debug|Any CPU
		{7466EA93-4978-4BBD-83D0-F1729EB102EE}.Release|Any CPU.ActiveCfg = Release|Any CPU
		{7466EA93-4978-4BBD-83D0-F1729EB102EE}.Release|Any CPU.Build.0 = Release|Any CPU
		{95661103-78B8-423A-80CA-41AFC69BD1DE}.Debug|Any CPU.ActiveCfg = Debug|Any CPU
		{95661103-78B8-423A-80CA-41AFC69BD1DE}.Debug|Any CPU.Build.0 = Debug|Any CPU
		{95661103-78B8-423A-80CA-41AFC69BD1DE}.Release|Any CPU.ActiveCfg = Debug|Any CPU
		{95661103-78B8-423A-80CA-41AFC69BD1DE}.Release|Any CPU.Build.0 = Debug|Any CPU
		{91FC215D-C041-4000-8F71-C04A9EEABE55}.Debug|Any CPU.ActiveCfg = Debug|Any CPU
		{91FC215D-C041-4000-8F71-C04A9EEABE55}.Debug|Any CPU.Build.0 = Debug|Any CPU
		{91FC215D-C041-4000-8F71-C04A9EEABE55}.Release|Any CPU.ActiveCfg = Debug|Any CPU
		{91FC215D-C041-4000-8F71-C04A9EEABE55}.Release|Any CPU.Build.0 = Debug|Any CPU
		{CAA4864F-F4C8-4024-8535-8B8C112307CE}.Debug|Any CPU.ActiveCfg = Debug|Any CPU
		{CAA4864F-F4C8-4024-8535-8B8C112307CE}.Debug|Any CPU.Build.0 = Debug|Any CPU
		{CAA4864F-F4C8-4024-8535-8B8C112307CE}.Release|Any CPU.ActiveCfg = Debug|Any CPU
		{CAA4864F-F4C8-4024-8535-8B8C112307CE}.Release|Any CPU.Build.0 = Debug|Any CPU
		{F905C7DA-9D1D-488D-9084-99D7969C2BDD}.Debug|Any CPU.ActiveCfg = Debug|Any CPU
		{F905C7DA-9D1D-488D-9084-99D7969C2BDD}.Debug|Any CPU.Build.0 = Debug|Any CPU
		{F905C7DA-9D1D-488D-9084-99D7969C2BDD}.Release|Any CPU.ActiveCfg = Release|Any CPU
		{F905C7DA-9D1D-488D-9084-99D7969C2BDD}.Release|Any CPU.Build.0 = Release|Any CPU
	EndGlobalSection
	GlobalSection(SolutionProperties) = preSolution
		HideSolutionNode = FALSE
	EndGlobalSection
EndGlobal
