
Microsoft Visual Studio Solution File, Format Version 9.00
# Visual Studio 2005
# SharpDevelop 2.1.0.2376
Project("{FAE04EC0-301F-11D3-BF4B-00C04F79EFBC}") = "NMaven.Plugin", "C:\Documents and Settings\shane\nmaven-apache\trunk-new\assemblies\NMaven.Plugin\src\main\csharp\NMaven.Plugin.csproj", "{d7fc7c76-a5fc-4e0d-9a34-9525ed53654c}"
EndProject
