
Microsoft Visual Studio Solution File, Format Version 9.00
# Visual Studio 2005
Project("{FAE04EC0-301F-11D3-BF4B-00C04F79EFBC}") = "NPanday.VisualStudio.Addin", "src\main\csharp\NPanday.VisualStudio.Addin.csproj", "{5BE35FDF-E620-4EB0-B9A8-2359C506D85D}"
EndProject
Project("{FAE04EC0-301F-11D3-BF4B-00C04F79EFBC}") = "NPanday.ProjectImporterEngine", "..\NPanday.ProjectImporter\Engine\src\main\csharp\NPanday.ProjectImporterEngine.csproj", "{91FC215D-C041-4000-8F71-C04A9EEABE55}"
EndProject
Project("{FAE04EC0-301F-11D3-BF4B-00C04F79EFBC}") = "NPanday.Utils", "..\NPanday.Utils\src\main\csharp\NPanday.Utils.csproj", "{CAA4864F-F4C8-4024-8535-8B8C112307CE}"
EndProject
Global
	GlobalSection(SolutionConfigurationPlatforms) = preSolution
		Debug|Any CPU = Debug|Any CPU
	EndGlobalSection
	GlobalSection(ProjectConfigurationPlatforms) = postSolution
		{5BE35FDF-E620-4EB0-B9A8-2359C506D85D}.Debug|Any CPU.ActiveCfg = Debug|Any CPU
		{5BE35FDF-E620-4EB0-B9A8-2359C506D85D}.Debug|Any CPU.Build.0 = Debug|Any CPU
		{91FC215D-C041-4000-8F71-C04A9EEABE55}.Debug|Any CPU.ActiveCfg = Debug|Any CPU
		{91FC215D-C041-4000-8F71-C04A9EEABE55}.Debug|Any CPU.Build.0 = Debug|Any CPU
		{CAA4864F-F4C8-4024-8535-8B8C112307CE}.Debug|Any CPU.ActiveCfg = Debug|Any CPU
		{CAA4864F-F4C8-4024-8535-8B8C112307CE}.Debug|Any CPU.Build.0 = Debug|Any CPU
	EndGlobalSection
	GlobalSection(SolutionProperties) = preSolution
		HideSolutionNode = FALSE
	EndGlobalSection
EndGlobal
